
Microsoft Visual Studio Solution File, Format Version 12.00
# Visual Studio Version 17
VisualStudioVersion = 17.0.32014.148
MinimumVisualStudioVersion = 10.0.40219.1
Project("{9A19103F-16F7-4668-BE54-9A1E7A4F7556}") = "UseCases", "UseCases\UseCases.csproj", "{B425A379-2C66-44CF-8B18-1D75901A4059}"
EndProject
Project("{9A19103F-16F7-4668-BE54-9A1E7A4F7556}") = "CoreBusiness", "CoreBusiness\CoreBusiness.csproj", "{BDF62875-352F-48B1-B8B9-B5F889E29119}"
EndProject
Project("{9A19103F-16F7-4668-BE54-9A1E7A4F7556}") = "Plugins.DataStore.InMemory", "Plugins.DataStore.InMemory\Plugins.DataStore.InMemory.csproj", "{0E0A1458-B27F-495F-9261-BFA38722C9C5}"
EndProject
Project("{FAE04EC0-301F-11D3-BF4B-00C04F79EFBC}") = "WebApi", "WebApi\WebApi.csproj", "{0E4CB188-2330-4908-87B0-6A7ED39EFB66}"
EndProject
Global
	GlobalSection(SolutionConfigurationPlatforms) = preSolution
		Debug|Any CPU = Debug|Any CPU
		Release|Any CPU = Release|Any CPU
	EndGlobalSection
	GlobalSection(ProjectConfigurationPlatforms) = postSolution
		{B425A379-2C66-44CF-8B18-1D75901A4059}.Debug|Any CPU.ActiveCfg = Debug|Any CPU
		{B425A379-2C66-44CF-8B18-1D75901A4059}.Debug|Any CPU.Build.0 = Debug|Any CPU
		{B425A379-2C66-44CF-8B18-1D75901A4059}.Release|Any CPU.ActiveCfg = Release|Any CPU
		{B425A379-2C66-44CF-8B18-1D75901A4059}.Release|Any CPU.Build.0 = Release|Any CPU
		{BDF62875-352F-48B1-B8B9-B5F889E29119}.Debug|Any CPU.ActiveCfg = Debug|Any CPU
		{BDF62875-352F-48B1-B8B9-B5F889E29119}.Debug|Any CPU.Build.0 = Debug|Any CPU
		{BDF62875-352F-48B1-B8B9-B5F889E29119}.Release|Any CPU.ActiveCfg = Release|Any CPU
		{BDF62875-352F-48B1-B8B9-B5F889E29119}.Release|Any CPU.Build.0 = Release|Any CPU
		{0E0A1458-B27F-495F-9261-BFA38722C9C5}.Debug|Any CPU.ActiveCfg = Debug|Any CPU
		{0E0A1458-B27F-495F-9261-BFA38722C9C5}.Debug|Any CPU.Build.0 = Debug|Any CPU
		{0E0A1458-B27F-495F-9261-BFA38722C9C5}.Release|Any CPU.ActiveCfg = Release|Any CPU
		{0E0A1458-B27F-495F-9261-BFA38722C9C5}.Release|Any CPU.Build.0 = Release|Any CPU
		{0E4CB188-2330-4908-87B0-6A7ED39EFB66}.Debug|Any CPU.ActiveCfg = Debug|Any CPU
		{0E4CB188-2330-4908-87B0-6A7ED39EFB66}.Debug|Any CPU.Build.0 = Debug|Any CPU
		{0E4CB188-2330-4908-87B0-6A7ED39EFB66}.Release|Any CPU.ActiveCfg = Release|Any CPU
		{0E4CB188-2330-4908-87B0-6A7ED39EFB66}.Release|Any CPU.Build.0 = Release|Any CPU
	EndGlobalSection
	GlobalSection(SolutionProperties) = preSolution
		HideSolutionNode = FALSE
	EndGlobalSection
	GlobalSection(ExtensibilityGlobals) = postSolution
		SolutionGuid = {F377D4FB-CD5E-42D0-813D-A6BA3F3F94AD}
	EndGlobalSection
EndGlobal
